{
    "name": "@azguardwallet/client",
    "version": "0.5.0",
    "lockfileVersion": 3,
    "requires": true,
    "packages": {
        "": {
            "name": "@azguardwallet/client",
            "version": "0.5.0",
            "license": "MIT",
            "devDependencies": {
                "@azguardwallet/types": "0.5.0"
            }
        },
        "node_modules/@azguardwallet/types": {
            "version": "0.5.0",
            "resolved": "https://registry.npmjs.org/@azguardwallet/types/-/types-0.5.0.tgz",
            "integrity": "sha512-doJPKdUPaKtdIWJv7rmZptKFPnLbsrjGmSYbdkJygPoqePFLhQ2g6rIGYHgReGXROG4W/kbN1kY7XWgqPs7miQ==",
            "dev": true,
            "license": "MIT"
        }
    }
}
