{
    "name": "@azguardwallet/client",
    "version": "0.9.0",
    "lockfileVersion": 3,
    "requires": true,
    "packages": {
        "": {
            "name": "@azguardwallet/client",
            "version": "0.9.0",
            "license": "MIT",
            "devDependencies": {
                "@azguardwallet/types": "0.9.0"
            }
        },
        "node_modules/@azguardwallet/types": {
            "version": "0.9.0",
            "resolved": "https://registry.npmjs.org/@azguardwallet/types/-/types-0.9.0.tgz",
            "integrity": "sha512-w/SjAy4YhWnRyt6zgPd5mfo1U/3VlrFNXxbWxAbnB62vDveGcxZ777qLJ8UsyX6bEcbFBZ9xG6cDCZUd70UmlA==",
            "dev": true,
            "license": "MIT"
        }
    }
}
