{
    "name": "@azguardwallet/client",
    "version": "0.3.2",
    "lockfileVersion": 3,
    "requires": true,
    "packages": {
        "": {
            "name": "@azguardwallet/client",
            "version": "0.3.2",
            "license": "MIT",
            "devDependencies": {
                "@azguardwallet/types": "0.3.2"
            }
        },
        "node_modules/@azguardwallet/types": {
            "version": "0.3.2",
            "resolved": "https://registry.npmjs.org/@azguardwallet/types/-/types-0.3.2.tgz",
            "integrity": "sha512-jzqamWEYlM1HVyBDePQqPtZbmxrRw3v9qRh6G9K3kU0UC59zdIhfkwJBuq3n+9znDplXHB+JU4OMNCYENcuEpg==",
            "dev": true,
            "license": "MIT"
        }
    }
}
